
Microsoft Visual Studio Solution File, Format Version 12.00
# Visual Studio Version 17
VisualStudioVersion = 17.6.33723.286
MinimumVisualStudioVersion = 10.0.40219.1
Project("{FAE04EC0-301F-11D3-BF4B-00C04F79EFBC}") = "Gerenciamento De Biblioteca", "Gerenciamento De Biblioteca\Gerenciamento De Biblioteca.csproj", "{7F1C4DD5-C210-409B-8CF8-101D5C890AEE}"
EndProject
Global
	GlobalSection(SolutionConfigurationPlatforms) = preSolution
		Debug|Any CPU = Debug|Any CPU
		Release|Any CPU = Release|Any CPU
	EndGlobalSection
	GlobalSection(ProjectConfigurationPlatforms) = postSolution
		{7F1C4DD5-C210-409B-8CF8-101D5C890AEE}.Debug|Any CPU.ActiveCfg = Debug|Any CPU
		{7F1C4DD5-C210-409B-8CF8-101D5C890AEE}.Debug|Any CPU.Build.0 = Debug|Any CPU
		{7F1C4DD5-C210-409B-8CF8-101D5C890AEE}.Release|Any CPU.ActiveCfg = Release|Any CPU
		{7F1C4DD5-C210-409B-8CF8-101D5C890AEE}.Release|Any CPU.Build.0 = Release|Any CPU
	EndGlobalSection
	GlobalSection(SolutionProperties) = preSolution
		HideSolutionNode = FALSE
	EndGlobalSection
	GlobalSection(ExtensibilityGlobals) = postSolution
		SolutionGuid = {3F209A6F-D454-4037-9F00-18D96514A814}
	EndGlobalSection
EndGlobal
